
Microsoft Visual Studio Solution File, Format Version 12.00
# Visual Studio Version 16
VisualStudioVersion = 16.0.30717.126
MinimumVisualStudioVersion = 10.0.40219.1
Project("{2150E333-8FDC-42A3-9474-1A3956D46DE8}") = "Solution Items", "Solution Items", "{D7E7E723-4750-430D-A1CB-4250111973CE}"
	ProjectSection(SolutionItems) = preProject
		.editorconfig = .editorconfig
	EndProjectSection
EndProject
Project("{9A19103F-16F7-4668-BE54-9A1E7A4F7556}") = "CodeButler.Console", "CodeButler.Console\CodeButler.Console.csproj", "{3F835AC7-4C5D-4161-B278-ED3515EDEA57}"
EndProject
Project("{2150E333-8FDC-42A3-9474-1A3956D46DE8}") = "tests", "tests", "{E626D48B-D679-4F32-89AF-B8D546B13005}"
EndProject
Project("{9A19103F-16F7-4668-BE54-9A1E7A4F7556}") = "CodeButler.IntegrationTests", "tests\CodeButler.IntegrationTests\CodeButler.IntegrationTests.csproj", "{6056A4FE-EF5B-43C8-A87C-3C3AD409F3CF}"
EndProject
Project("{9A19103F-16F7-4668-BE54-9A1E7A4F7556}") = "CodeButler.UnitTests", "tests\CodeButler.UnitTests\CodeButler.UnitTests.csproj", "{F142AB62-3E90-4D2D-A070-BC7C3FD8A3F5}"
EndProject
Global
	GlobalSection(SolutionConfigurationPlatforms) = preSolution
		Debug|Any CPU = Debug|Any CPU
		Release|Any CPU = Release|Any CPU
	EndGlobalSection
	GlobalSection(ProjectConfigurationPlatforms) = postSolution
		{3F835AC7-4C5D-4161-B278-ED3515EDEA57}.Debug|Any CPU.ActiveCfg = Debug|Any CPU
		{3F835AC7-4C5D-4161-B278-ED3515EDEA57}.Debug|Any CPU.Build.0 = Debug|Any CPU
		{3F835AC7-4C5D-4161-B278-ED3515EDEA57}.Release|Any CPU.ActiveCfg = Release|Any CPU
		{3F835AC7-4C5D-4161-B278-ED3515EDEA57}.Release|Any CPU.Build.0 = Release|Any CPU
		{6056A4FE-EF5B-43C8-A87C-3C3AD409F3CF}.Debug|Any CPU.ActiveCfg = Debug|Any CPU
		{6056A4FE-EF5B-43C8-A87C-3C3AD409F3CF}.Debug|Any CPU.Build.0 = Debug|Any CPU
		{6056A4FE-EF5B-43C8-A87C-3C3AD409F3CF}.Release|Any CPU.ActiveCfg = Release|Any CPU
		{6056A4FE-EF5B-43C8-A87C-3C3AD409F3CF}.Release|Any CPU.Build.0 = Release|Any CPU
		{F142AB62-3E90-4D2D-A070-BC7C3FD8A3F5}.Debug|Any CPU.ActiveCfg = Debug|Any CPU
		{F142AB62-3E90-4D2D-A070-BC7C3FD8A3F5}.Debug|Any CPU.Build.0 = Debug|Any CPU
		{F142AB62-3E90-4D2D-A070-BC7C3FD8A3F5}.Release|Any CPU.ActiveCfg = Release|Any CPU
		{F142AB62-3E90-4D2D-A070-BC7C3FD8A3F5}.Release|Any CPU.Build.0 = Release|Any CPU
	EndGlobalSection
	GlobalSection(SolutionProperties) = preSolution
		HideSolutionNode = FALSE
	EndGlobalSection
	GlobalSection(NestedProjects) = preSolution
		{6056A4FE-EF5B-43C8-A87C-3C3AD409F3CF} = {E626D48B-D679-4F32-89AF-B8D546B13005}
		{F142AB62-3E90-4D2D-A070-BC7C3FD8A3F5} = {E626D48B-D679-4F32-89AF-B8D546B13005}
	EndGlobalSection
	GlobalSection(ExtensibilityGlobals) = postSolution
		SolutionGuid = {1E73E6A9-A628-44DE-94BA-6CFB93F14D07}
	EndGlobalSection
EndGlobal
